
Microsoft Visual Studio Solution File, Format Version 12.00
# Visual Studio Version 17
VisualStudioVersion = 17.14.36408.4 d17.14
MinimumVisualStudioVersion = 10.0.40219.1
Project("{FAE04EC0-301F-11D3-BF4B-00C04F79EFBC}") = "ComparadorTiempos", "ComparadorTiempos.csproj", "{18EEFB95-42C8-90DF-3F68-ACD84D00964F}"
EndProject
Global
	GlobalSection(SolutionConfigurationPlatforms) = preSolution
		Debug|Any CPU = Debug|Any CPU
		Release|Any CPU = Release|Any CPU
	EndGlobalSection
	GlobalSection(ProjectConfigurationPlatforms) = postSolution
		{18EEFB95-42C8-90DF-3F68-ACD84D00964F}.Debug|Any CPU.ActiveCfg = Debug|Any CPU
		{18EEFB95-42C8-90DF-3F68-ACD84D00964F}.Debug|Any CPU.Build.0 = Debug|Any CPU
		{18EEFB95-42C8-90DF-3F68-ACD84D00964F}.Release|Any CPU.ActiveCfg = Release|Any CPU
		{18EEFB95-42C8-90DF-3F68-ACD84D00964F}.Release|Any CPU.Build.0 = Release|Any CPU
	EndGlobalSection
	GlobalSection(SolutionProperties) = preSolution
		HideSolutionNode = FALSE
	EndGlobalSection
	GlobalSection(ExtensibilityGlobals) = postSolution
		SolutionGuid = {21EFF605-0952-437B-819B-7259333F66F7}
	EndGlobalSection
EndGlobal
