
Microsoft Visual Studio Solution File, Format Version 12.00
# Visual Studio Version 17
VisualStudioVersion = 17.14.36408.4 d17.14
MinimumVisualStudioVersion = 10.0.40219.1
Project("{FAE04EC0-301F-11D3-BF4B-00C04F79EFBC}") = "Prueba", "Prueba\Prueba.csproj", "{B1C66242-EFBA-43EA-BFA4-F1268217194A}"
EndProject
Global
	GlobalSection(SolutionConfigurationPlatforms) = preSolution
		Debug|Any CPU = Debug|Any CPU
		Release|Any CPU = Release|Any CPU
	EndGlobalSection
	GlobalSection(ProjectConfigurationPlatforms) = postSolution
		{B1C66242-EFBA-43EA-BFA4-F1268217194A}.Debug|Any CPU.ActiveCfg = Debug|Any CPU
		{B1C66242-EFBA-43EA-BFA4-F1268217194A}.Debug|Any CPU.Build.0 = Debug|Any CPU
		{B1C66242-EFBA-43EA-BFA4-F1268217194A}.Release|Any CPU.ActiveCfg = Release|Any CPU
		{B1C66242-EFBA-43EA-BFA4-F1268217194A}.Release|Any CPU.Build.0 = Release|Any CPU
	EndGlobalSection
	GlobalSection(SolutionProperties) = preSolution
		HideSolutionNode = FALSE
	EndGlobalSection
	GlobalSection(ExtensibilityGlobals) = postSolution
		SolutionGuid = {525CD69B-8D90-4A1C-A0BC-DDFDEB96AD6F}
	EndGlobalSection
EndGlobal
